<?xml version="1.0" encoding="utf-8"?>
<Project ToolsVersion="4.0" xmlns="http://schemas.microsoft.com/developer/msbuild/2003">
  <ItemGroup>
    <Filter Include="Source Files">
      <UniqueIdentifier>{4FC737F1-C7A5-4376-A066-2A32D752A2FF}</UniqueIdentifier>
      <Extensions>cpp;c;cc;cxx;c++;cppm;ixx;def;odl;idl;hpj;bat;asm;asmx</Extensions>
    </Filter>
    <Filter Include="Header Files">
      <UniqueIdentifier>{93995380-89BD-4b04-88EB-625FBE52EBFB}</UniqueIdentifier>
      <Extensions>h;hh;hpp;hxx;h++;hm;inl;inc;ipp;xsd</Extensions>
    </Filter>
    <Filter Include="Resource Files">
      <UniqueIdentifier>{67DA6AB6-F800-4c08-8B7A-83BB121AAD01}</UniqueIdentifier>
      <Extensions>rc;ico;cur;bmp;dlg;rc2;rct;bin;rgs;gif;jpg;jpeg;jpe;resx;tiff;tif;png;wav;mfcribbon-ms</Extensions>
    </Filter>
    <Filter Include="Header Files\Exceptions">
      <UniqueIdentifier>{78a2c7b6-36ac-4db2-b286-72e29eecbdeb}</UniqueIdentifier>
    </Filter>
    <Filter Include="Source Files\Exceptions">
      <UniqueIdentifier>{11a672b8-be64-426b-9973-956c6bb0ef0f}</UniqueIdentifier>
    </Filter>
    <Filter Include="Header Files\Graphics">
      <UniqueIdentifier>{45502e78-4f19-4260-b03a-dc60ea26797f}</UniqueIdentifier>
    </Filter>
    <Filter Include="Source Files\Graphics">
      <UniqueIdentifier>{cd23ab23-d5cc-4a6d-8018-10d6e77c049c}</UniqueIdentifier>
    </Filter>
    <Filter Include="Source Files\Bindables">
      <UniqueIdentifier>{ff2772ac-d69c-45b8-b1bd-5d531729b8c4}</UniqueIdentifier>
    </Filter>
    <Filter Include="Header Files\Bindables">
      <UniqueIdentifier>{953672c0-3cdf-41b5-94d7-266db79d7e11}</UniqueIdentifier>
    </Filter>
    <Filter Include="Header Files\Drawable">
      <UniqueIdentifier>{93b9ed64-dea7-462f-bfdf-ddd1980cff02}</UniqueIdentifier>
    </Filter>
    <Filter Include="Source Files\Drawable">
      <UniqueIdentifier>{fe5145f7-821a-484a-919f-8d926e3d44cd}</UniqueIdentifier>
    </Filter>
    <Filter Include="Shaders">
      <UniqueIdentifier>{dea943bf-8153-4020-93b1-ca5ff1a4556a}</UniqueIdentifier>
    </Filter>
    <Filter Include="Header Files\Allocator">
      <UniqueIdentifier>{57633f69-cbe5-4766-8f75-0c75d386e5a8}</UniqueIdentifier>
    </Filter>
    <Filter Include="Source Files\Allocator">
      <UniqueIdentifier>{56b6a269-f82b-4c19-a3c4-f4b6717903b5}</UniqueIdentifier>
    </Filter>
    <Filter Include="Header Files\UUID">
      <UniqueIdentifier>{7c5a01b7-cc78-4a31-9e7b-1a95c78921c3}</UniqueIdentifier>
    </Filter>
    <Filter Include="Source Files\UUID">
      <UniqueIdentifier>{f5b433d4-6a5e-41a9-b2d7-10ddf538af1e}</UniqueIdentifier>
    </Filter>
    <Filter Include="Header Files\ImGui">
      <UniqueIdentifier>{771e3e62-2590-48f2-b7b6-869d1b04ff8b}</UniqueIdentifier>
    </Filter>
    <Filter Include="Source Files\ImGui">
      <UniqueIdentifier>{a7f28d0f-a7b2-4d26-a1ba-0d1b54c62a0a}</UniqueIdentifier>
    </Filter>
    <Filter Include="Header Files\Assimp">
      <UniqueIdentifier>{d3cadf78-f0f4-4cb2-806f-7699f806b313}</UniqueIdentifier>
    </Filter>
    <Filter Include="Source Files\Assimp">
      <UniqueIdentifier>{d04797fd-9fe3-4161-aec0-01f92febb743}</UniqueIdentifier>
    </Filter>
  </ItemGroup>
  <ItemGroup>
    <ClInclude Include="Window.h">
      <Filter>Header Files</Filter>
    </ClInclude>
    <ClInclude Include="App.h">
      <Filter>Header Files</Filter>
    </ClInclude>
    <ClInclude Include="Win.h">
      <Filter>Header Files</Filter>
    </ClInclude>
    <ClInclude Include="StimplyException.h">
      <Filter>Header Files\Exceptions</Filter>
    </ClInclude>
    <ClInclude Include="Graphics.h">
      <Filter>Header Files\Graphics</Filter>
    </ClInclude>
    <ClInclude Include="resource.h">
      <Filter>Header Files</Filter>
    </ClInclude>
    <ClInclude Include="GraphicsFabric.h">
      <Filter>Header Files\Graphics</Filter>
    </ClInclude>
    <ClInclude Include="IBindable.h">
      <Filter>Header Files\Bindables</Filter>
    </ClInclude>
    <ClInclude Include="Texture.h">
      <Filter>Header Files\Bindables</Filter>
    </ClInclude>
    <ClInclude Include="Macros.h">
      <Filter>Header Files\Exceptions</Filter>
    </ClInclude>
    <ClInclude Include="GraphicsDebug.h">
      <Filter>Header Files\Graphics</Filter>
    </ClInclude>
    <ClInclude Include="HrException.h">
      <Filter>Header Files\Exceptions</Filter>
    </ClInclude>
    <ClInclude Include="IndexBuffer.h">
      <Filter>Header Files\Bindables</Filter>
    </ClInclude>
    <ClInclude Include="VertexBuffer.h">
      <Filter>Header Files\Bindables</Filter>
    </ClInclude>
    <ClInclude Include="IDrawable.h">
      <Filter>Header Files\Drawable</Filter>
    </ClInclude>
    <ClInclude Include="BindableCodex.h">
      <Filter>Header Files\Bindables</Filter>
    </ClInclude>
    <ClInclude Include="Triangle.h">
      <Filter>Header Files\Drawable</Filter>
    </ClInclude>
    <ClInclude Include="PrimitiveTopology.h">
      <Filter>Header Files\Bindables</Filter>
    </ClInclude>
    <ClInclude Include="PipelineStateObject.h">
      <Filter>Header Files\Bindables</Filter>
    </ClInclude>
    <ClInclude Include="RootSignature.h">
      <Filter>Header Files\Bindables</Filter>
    </ClInclude>
    <ClInclude Include="Shader.h">
      <Filter>Header Files\Bindables</Filter>
    </ClInclude>
    <ClInclude Include="PixGpuCapturer.h">
      <Filter>Header Files\Graphics</Filter>
    </ClInclude>
    <ClInclude Include="FreeListAllocator.h">
      <Filter>Header Files\Allocator</Filter>
    </ClInclude>
    <ClInclude Include="Allocator.h">
      <Filter>Header Files\Allocator</Filter>
    </ClInclude>
    <ClInclude Include="SinglyLinkedList.h">
      <Filter>Header Files\Allocator</Filter>
    </ClInclude>
    <ClInclude Include="SinglyLinkedListImpl.h">
      <Filter>Header Files\Allocator</Filter>
    </ClInclude>
    <ClInclude Include="Utils.h">
      <Filter>Header Files\Allocator</Filter>
    </ClInclude>
    <ClInclude Include="ISerializable.h">
      <Filter>Header Files</Filter>
    </ClInclude>
    <ClInclude Include="UUID.h">
      <Filter>Header Files\UUID</Filter>
    </ClInclude>
    <ClInclude Include="..\include\imgui\imconfig.h">
      <Filter>Header Files\ImGui</Filter>
    </ClInclude>
    <ClInclude Include="..\include\imgui\imgui.h">
      <Filter>Header Files\ImGui</Filter>
    </ClInclude>
    <ClInclude Include="..\include\imgui\imgui_internal.h">
      <Filter>Header Files\ImGui</Filter>
    </ClInclude>
    <ClInclude Include="..\include\imgui\imstb_rectpack.h">
      <Filter>Header Files\ImGui</Filter>
    </ClInclude>
    <ClInclude Include="..\include\imgui\imstb_textedit.h">
      <Filter>Header Files\ImGui</Filter>
    </ClInclude>
    <ClInclude Include="..\include\imgui\imstb_truetype.h">
      <Filter>Header Files\ImGui</Filter>
    </ClInclude>
    <ClInclude Include="..\include\imgui\backends\imgui_impl_dx12.h">
      <Filter>Header Files\ImGui</Filter>
    </ClInclude>
    <ClInclude Include="..\include\imgui\backends\imgui_impl_win32.h">
      <Filter>Header Files\ImGui</Filter>
    </ClInclude>
    <ClInclude Include="GraphicsException.h">
      <Filter>Header Files\Exceptions</Filter>
    </ClInclude>
    <ClInclude Include="ConstantBuffer.h">
      <Filter>Header Files\Bindables</Filter>
    </ClInclude>
    <ClInclude Include="HeapArena.h">
      <Filter>Header Files</Filter>
    </ClInclude>
    <ClInclude Include="RootParams.h">
      <Filter>Header Files\Bindables</Filter>
    </ClInclude>
    <ClInclude Include="..\include\assimp\version.h">
      <Filter>Header Files\Assimp</Filter>
    </ClInclude>
    <ClInclude Include="..\include\assimp\vector3.h">
      <Filter>Header Files\Assimp</Filter>
    </ClInclude>
    <ClInclude Include="..\include\assimp\types.h">
      <Filter>Header Files\Assimp</Filter>
    </ClInclude>
    <ClInclude Include="..\include\assimp\vector2.h">
      <Filter>Header Files\Assimp</Filter>
    </ClInclude>
    <ClInclude Include="..\include\assimp\texture.h">
      <Filter>Header Files\Assimp</Filter>
    </ClInclude>
    <ClInclude Include="..\include\assimp\scene.h">
      <Filter>Header Files\Assimp</Filter>
    </ClInclude>
    <ClInclude Include="..\include\assimp\quaternion.h">
      <Filter>Header Files\Assimp</Filter>
    </ClInclude>
    <ClInclude Include="..\include\assimp\postprocess.h">
      <Filter>Header Files\Assimp</Filter>
    </ClInclude>
    <ClInclude Include="..\include\assimp\qnan.h">
      <Filter>Header Files\Assimp</Filter>
    </ClInclude>
    <ClInclude Include="..\include\assimp\port\AndroidJNI\BundledAssetIOSystem.h">
      <Filter>Header Files\Assimp</Filter>
    </ClInclude>
    <ClInclude Include="..\include\assimp\port\AndroidJNI\AndroidJNIIOSystem.h">
      <Filter>Header Files\Assimp</Filter>
    </ClInclude>
    <ClInclude Include="..\include\assimp\pbrmaterial.h">
      <Filter>Header Files\Assimp</Filter>
    </ClInclude>
    <ClInclude Include="..\include\assimp\metadata.h">
      <Filter>Header Files\Assimp</Filter>
    </ClInclude>
    <ClInclude Include="..\include\assimp\mesh.h">
      <Filter>Header Files\Assimp</Filter>
    </ClInclude>
    <ClInclude Include="..\include\assimp\matrix4x4.h">
      <Filter>Header Files\Assimp</Filter>
    </ClInclude>
    <ClInclude Include="..\include\assimp\matrix3x3.h">
      <Filter>Header Files\Assimp</Filter>
    </ClInclude>
    <ClInclude Include="..\include\assimp\material.h">
      <Filter>Header Files\Assimp</Filter>
    </ClInclude>
    <ClInclude Include="..\include\assimp\light.h">
      <Filter>Header Files\Assimp</Filter>
    </ClInclude>
    <ClInclude Include="..\include\assimp\fast_atof.h">
      <Filter>Header Files\Assimp</Filter>
    </ClInclude>
    <ClInclude Include="..\include\assimp\importerdesc.h">
      <Filter>Header Files\Assimp</Filter>
    </ClInclude>
    <ClInclude Include="..\include\assimp\config.h">
      <Filter>Header Files\Assimp</Filter>
    </ClInclude>
    <ClInclude Include="..\include\assimp\defs.h">
      <Filter>Header Files\Assimp</Filter>
    </ClInclude>
    <ClInclude Include="..\include\assimp\commonMetaData.h">
      <Filter>Header Files\Assimp</Filter>
    </ClInclude>
    <ClInclude Include="..\include\assimp\cimport.h">
      <Filter>Header Files\Assimp</Filter>
    </ClInclude>
    <ClInclude Include="..\include\assimp\color4.h">
      <Filter>Header Files\Assimp</Filter>
    </ClInclude>
    <ClInclude Include="..\include\assimp\cexport.h">
      <Filter>Header Files\Assimp</Filter>
    </ClInclude>
    <ClInclude Include="..\include\assimp\cfileio.h">
      <Filter>Header Files\Assimp</Filter>
    </ClInclude>
    <ClInclude Include="..\include\assimp\camera.h">
      <Filter>Header Files\Assimp</Filter>
    </ClInclude>
    <ClInclude Include="..\include\assimp\ai_assert.h">
      <Filter>Header Files\Assimp</Filter>
    </ClInclude>
    <ClInclude Include="..\include\assimp\anim.h">
      <Filter>Header Files\Assimp</Filter>
    </ClInclude>
    <ClInclude Include="..\include\assimp\aabb.h">
      <Filter>Header Files\Assimp</Filter>
    </ClInclude>
    <ClInclude Include="..\include\assimp\ZipArchiveIOSystem.h">
      <Filter>Header Files\Assimp</Filter>
    </ClInclude>
    <ClInclude Include="..\include\assimp\XmlParser.h">
      <Filter>Header Files\Assimp</Filter>
    </ClInclude>
    <ClInclude Include="..\include\assimp\XMLTools.h">
      <Filter>Header Files\Assimp</Filter>
    </ClInclude>
    <ClInclude Include="..\include\assimp\Vertex.h">
      <Filter>Header Files\Assimp</Filter>
    </ClInclude>
    <ClInclude Include="..\include\assimp\TinyFormatter.h">
      <Filter>Header Files\Assimp</Filter>
    </ClInclude>
    <ClInclude Include="..\include\assimp\StringUtils.h">
      <Filter>Header Files\Assimp</Filter>
    </ClInclude>
    <ClInclude Include="..\include\assimp\Subdivision.h">
      <Filter>Header Files\Assimp</Filter>
    </ClInclude>
    <ClInclude Include="..\include\assimp\StreamWriter.h">
      <Filter>Header Files\Assimp</Filter>
    </ClInclude>
    <ClInclude Include="..\include\assimp\StringComparison.h">
      <Filter>Header Files\Assimp</Filter>
    </ClInclude>
    <ClInclude Include="..\include\assimp\StreamReader.h">
      <Filter>Header Files\Assimp</Filter>
    </ClInclude>
    <ClInclude Include="..\include\assimp\StandardShapes.h">
      <Filter>Header Files\Assimp</Filter>
    </ClInclude>
    <ClInclude Include="..\include\assimp\SpatialSort.h">
      <Filter>Header Files\Assimp</Filter>
    </ClInclude>
    <ClInclude Include="..\include\assimp\SmoothingGroups.h">
      <Filter>Header Files\Assimp</Filter>
    </ClInclude>
    <ClInclude Include="..\include\assimp\SkeletonMeshBuilder.h">
      <Filter>Header Files\Assimp</Filter>
    </ClInclude>
    <ClInclude Include="..\include\assimp\SmallVector.h">
      <Filter>Header Files\Assimp</Filter>
    </ClInclude>
    <ClInclude Include="..\include\assimp\SceneCombiner.h">
      <Filter>Header Files\Assimp</Filter>
    </ClInclude>
    <ClInclude Include="..\include\assimp\SGSpatialSort.h">
      <Filter>Header Files\Assimp</Filter>
    </ClInclude>
    <ClInclude Include="..\include\assimp\ProgressHandler.hpp">
      <Filter>Header Files\Assimp</Filter>
    </ClInclude>
    <ClInclude Include="..\include\assimp\RemoveComments.h">
      <Filter>Header Files\Assimp</Filter>
    </ClInclude>
    <ClInclude Include="..\include\assimp\Profiler.h">
      <Filter>Header Files\Assimp</Filter>
    </ClInclude>
    <ClInclude Include="..\include\assimp\ObjMaterial.h">
      <Filter>Header Files\Assimp</Filter>
    </ClInclude>
    <ClInclude Include="..\include\assimp\ParsingUtils.h">
      <Filter>Header Files\Assimp</Filter>
    </ClInclude>
    <ClInclude Include="..\include\assimp\NullLogger.hpp">
      <Filter>Header Files\Assimp</Filter>
    </ClInclude>
    <ClInclude Include="..\include\assimp\MathFunctions.h">
      <Filter>Header Files\Assimp</Filter>
    </ClInclude>
    <ClInclude Include="..\include\assimp\MemoryIOWrapper.h">
      <Filter>Header Files\Assimp</Filter>
    </ClInclude>
    <ClInclude Include="..\include\assimp\Logger.hpp">
      <Filter>Header Files\Assimp</Filter>
    </ClInclude>
    <ClInclude Include="..\include\assimp\LogStream.hpp">
      <Filter>Header Files\Assimp</Filter>
    </ClInclude>
    <ClInclude Include="..\include\assimp\LogAux.h">
      <Filter>Header Files\Assimp</Filter>
    </ClInclude>
    <ClInclude Include="..\include\assimp\LineSplitter.h">
      <Filter>Header Files\Assimp</Filter>
    </ClInclude>
    <ClInclude Include="..\include\assimp\Importer.hpp">
      <Filter>Header Files\Assimp</Filter>
    </ClInclude>
    <ClInclude Include="..\include\assimp\IOStreamBuffer.h">
      <Filter>Header Files\Assimp</Filter>
    </ClInclude>
    <ClInclude Include="..\include\assimp\IOSystem.hpp">
      <Filter>Header Files\Assimp</Filter>
    </ClInclude>
    <ClInclude Include="..\include\assimp\IOStream.hpp">
      <Filter>Header Files\Assimp</Filter>
    </ClInclude>
    <ClInclude Include="..\include\assimp\GltfMaterial.h">
      <Filter>Header Files\Assimp</Filter>
    </ClInclude>
    <ClInclude Include="..\include\assimp\Hash.h">
      <Filter>Header Files\Assimp</Filter>
    </ClInclude>
    <ClInclude Include="..\include\assimp\GenericProperty.h">
      <Filter>Header Files\Assimp</Filter>
    </ClInclude>
    <ClInclude Include="..\include\assimp\Exporter.hpp">
      <Filter>Header Files\Assimp</Filter>
    </ClInclude>
    <ClInclude Include="..\include\assimp\DefaultLogger.hpp">
      <Filter>Header Files\Assimp</Filter>
    </ClInclude>
    <ClInclude Include="..\include\assimp\Exceptional.h">
      <Filter>Header Files\Assimp</Filter>
    </ClInclude>
    <ClInclude Include="..\include\assimp\DefaultIOSystem.h">
      <Filter>Header Files\Assimp</Filter>
    </ClInclude>
    <ClInclude Include="..\include\assimp\DefaultIOStream.h">
      <Filter>Header Files\Assimp</Filter>
    </ClInclude>
    <ClInclude Include="..\include\assimp\CreateAnimMesh.h">
      <Filter>Header Files\Assimp</Filter>
    </ClInclude>
    <ClInclude Include="..\include\assimp\Compiler\pushpack1.h">
      <Filter>Header Files\Assimp</Filter>
    </ClInclude>
    <ClInclude Include="..\include\assimp\Compiler\pstdint.h">
      <Filter>Header Files\Assimp</Filter>
    </ClInclude>
    <ClInclude Include="..\include\assimp\Compiler\poppack1.h">
      <Filter>Header Files\Assimp</Filter>
    </ClInclude>
    <ClInclude Include="..\include\assimp\ByteSwapper.h">
      <Filter>Header Files\Assimp</Filter>
    </ClInclude>
    <ClInclude Include="..\include\assimp\ColladaMetaData.h">
      <Filter>Header Files\Assimp</Filter>
    </ClInclude>
    <ClInclude Include="..\include\assimp\BlobIOSystem.h">
      <Filter>Header Files\Assimp</Filter>
    </ClInclude>
    <ClInclude Include="..\include\assimp\Bitmap.h">
      <Filter>Header Files\Assimp</Filter>
    </ClInclude>
    <ClInclude Include="..\include\assimp\Base64.hpp">
      <Filter>Header Files\Assimp</Filter>
    </ClInclude>
    <ClInclude Include="..\include\assimp\BaseImporter.h">
      <Filter>Header Files\Assimp</Filter>
    </ClInclude>
    <ClInclude Include="..\include\assimp\AssertHandler.h">
      <Filter>Header Files\Assimp</Filter>
    </ClInclude>
    <ClInclude Include="Mesh.h">
      <Filter>Header Files\Drawable</Filter>
    </ClInclude>
    <ClInclude Include="Camera.h">
      <Filter>Header Files</Filter>
    </ClInclude>
  </ItemGroup>
  <ItemGroup>
    <ClCompile Include="Window.cpp">
      <Filter>Source Files</Filter>
    </ClCompile>
    <ClCompile Include="App.cpp">
      <Filter>Source Files</Filter>
    </ClCompile>
    <ClCompile Include="StimplyException.cpp">
      <Filter>Source Files\Exceptions</Filter>
    </ClCompile>
    <ClCompile Include="main.cpp">
      <Filter>Source Files</Filter>
    </ClCompile>
    <ClCompile Include="Graphics.cpp">
      <Filter>Source Files\Graphics</Filter>
    </ClCompile>
    <ClCompile Include="Texture.cpp">
      <Filter>Source Files\Bindables</Filter>
    </ClCompile>
    <ClCompile Include="GraphicsFabric.cpp">
      <Filter>Source Files\Graphics</Filter>
    </ClCompile>
    <ClCompile Include="IBindable.cpp">
      <Filter>Source Files\Bindables</Filter>
    </ClCompile>
    <ClCompile Include="GraphicsDebug.cpp">
      <Filter>Source Files\Exceptions</Filter>
    </ClCompile>
    <ClCompile Include="HrException.cpp">
      <Filter>Source Files\Exceptions</Filter>
    </ClCompile>
    <ClCompile Include="IndexBuffer.cpp">
      <Filter>Source Files\Bindables</Filter>
    </ClCompile>
    <ClCompile Include="VertexBuffer.cpp">
      <Filter>Source Files\Bindables</Filter>
    </ClCompile>
    <ClCompile Include="IDrawable.cpp">
      <Filter>Source Files\Drawable</Filter>
    </ClCompile>
    <ClCompile Include="Triangle.cpp">
      <Filter>Source Files\Drawable</Filter>
    </ClCompile>
    <ClCompile Include="PrimitiveTopology.cpp">
      <Filter>Source Files\Bindables</Filter>
    </ClCompile>
    <ClCompile Include="PipelineStateObject.cpp">
      <Filter>Source Files\Bindables</Filter>
    </ClCompile>
    <ClCompile Include="RootSignature.cpp">
      <Filter>Source Files\Bindables</Filter>
    </ClCompile>
    <ClCompile Include="Shader.cpp">
      <Filter>Source Files\Bindables</Filter>
    </ClCompile>
    <ClCompile Include="PixGpuCapturer.cpp">
      <Filter>Source Files\Graphics</Filter>
    </ClCompile>
    <ClCompile Include="FreeListAllocator.cpp">
      <Filter>Source Files\Allocator</Filter>
    </ClCompile>
    <ClCompile Include="Allocator.cpp">
      <Filter>Source Files\Allocator</Filter>
    </ClCompile>
    <ClCompile Include="UUID.cpp">
      <Filter>Source Files\UUID</Filter>
    </ClCompile>
    <ClCompile Include="..\include\imgui\backends\imgui_impl_dx12.cpp">
      <Filter>Source Files\ImGui</Filter>
    </ClCompile>
    <ClCompile Include="..\include\imgui\backends\imgui_impl_win32.cpp">
      <Filter>Source Files\ImGui</Filter>
    </ClCompile>
    <ClCompile Include="..\include\imgui\imgui.cpp">
      <Filter>Source Files\ImGui</Filter>
    </ClCompile>
    <ClCompile Include="..\include\imgui\imgui_demo.cpp">
      <Filter>Source Files\ImGui</Filter>
    </ClCompile>
    <ClCompile Include="..\include\imgui\imgui_draw.cpp">
      <Filter>Source Files\ImGui</Filter>
    </ClCompile>
    <ClCompile Include="..\include\imgui\imgui_tables.cpp">
      <Filter>Source Files\ImGui</Filter>
    </ClCompile>
    <ClCompile Include="..\include\imgui\imgui_widgets.cpp">
      <Filter>Source Files\ImGui</Filter>
    </ClCompile>
    <ClCompile Include="GraphicsException.cpp">
      <Filter>Source Files\Exceptions</Filter>
    </ClCompile>
    <ClCompile Include="ConstantBuffer.cpp">
      <Filter>Source Files\Bindables</Filter>
    </ClCompile>
    <ClCompile Include="HeapArena.cpp">
      <Filter>Source Files</Filter>
    </ClCompile>
    <ClCompile Include="Mesh.cpp">
      <Filter>Source Files</Filter>
    </ClCompile>
    <ClCompile Include="Camera.cpp">
      <Filter>Source Files</Filter>
    </ClCompile>
  </ItemGroup>
  <ItemGroup>
    <None Include="D3DIncls.inl">
      <Filter>Header Files</Filter>
    </None>
    <None Include="Bindables.inl">
      <Filter>Header Files\Bindables</Filter>
    </None>
    <None Include="packages.config" />
    <None Include="AllocatorOperator.inl">
      <Filter>Header Files\Allocator</Filter>
    </None>
    <None Include="..\include\assimp\vector3.inl">
      <Filter>Header Files\Assimp</Filter>
    </None>
    <None Include="..\include\assimp\vector2.inl">
      <Filter>Header Files\Assimp</Filter>
    </None>
    <None Include="..\include\assimp\quaternion.inl">
      <Filter>Header Files\Assimp</Filter>
    </None>
    <None Include="..\include\assimp\matrix4x4.inl">
      <Filter>Header Files\Assimp</Filter>
    </None>
    <None Include="..\include\assimp\matrix3x3.inl">
      <Filter>Header Files\Assimp</Filter>
    </None>
    <None Include="..\include\assimp\material.inl">
      <Filter>Header Files\Assimp</Filter>
    </None>
    <None Include="..\include\assimp\color4.inl">
      <Filter>Header Files\Assimp</Filter>
    </None>
    <None Include="..\include\assimp\SmoothingGroups.inl">
      <Filter>Header Files\Assimp</Filter>
    </None>
  </ItemGroup>
  <ItemGroup>
    <FxCompile Include="VertexShader.hlsl">
      <Filter>Shaders</Filter>
    </FxCompile>
    <FxCompile Include="PixelShader.hlsl">
      <Filter>Shaders</Filter>
    </FxCompile>
    <FxCompile Include="VertexShaderMVP.hlsl">
      <Filter>Shaders</Filter>
    </FxCompile>
    <FxCompile Include="VertexShaderPNCTB.hlsl">
      <Filter>Shaders</Filter>
    </FxCompile>
    <FxCompile Include="PixelShaderPNCTB.hlsl">
      <Filter>Shaders</Filter>
    </FxCompile>
  </ItemGroup>
</Project>